// !$*UTF8*$!
{
	archiveVersion = 1;
	classes = {
	};
	objectVersion = 50;
	objects = {

/* Begin PBXBuildFile section */
		2375DE7123EBD964645CBF48 /* Pods_DFramework_DFrameworkTests.framework in Frameworks */ = {isa = PBXBuildFile; fileRef = A22D26608BD5F5E7D8CB78EB /* Pods_DFramework_DFrameworkTests.framework */; };
		2E63D1DC2768BFB200811664 /* Assets.xcassets in Resources */ = {isa = PBXBuildFile; fileRef = 2E63D1DB2768BFB200811664 /* Assets.xcassets */; };
		C90D40A3258830F00071DC1A /* NavigationLink+Extension.swift in Sources */ = {isa = PBXBuildFile; fileRef = C90D40A2258830F00071DC1A /* NavigationLink+Extension.swift */; };
		C974A3D92579A6670068C8CB /* DEnumPicker.swift in Sources */ = {isa = PBXBuildFile; fileRef = C974A3D82579A6670068C8CB /* DEnumPicker.swift */; };
		C9B0A2422579889500E67245 /* DTextRowView.swift in Sources */ = {isa = PBXBuildFile; fileRef = C9B0A2412579889500E67245 /* DTextRowView.swift */; };
		C9B0A248257988F500E67245 /* DTextToggleRowView.swift in Sources */ = {isa = PBXBuildFile; fileRef = C9B0A247257988F500E67245 /* DTextToggleRowView.swift */; };
		C9C3965A2569359600763F33 /* DFramework.framework in Frameworks */ = {isa = PBXBuildFile; fileRef = C9C396502569359600763F33 /* DFramework.framework */; };
		C9C396612569359600763F33 /* DFramework.h in Headers */ = {isa = PBXBuildFile; fileRef = C9C396532569359600763F33 /* DFramework.h */; settings = {ATTRIBUTES = (Public, ); }; };
		C9C39684256938EC00763F33 /* Localizable.strings in Resources */ = {isa = PBXBuildFile; fileRef = C9C39683256938EC00763F33 /* Localizable.strings */; };
		C9C396B225693ACA00763F33 /* DAppManager.swift in Sources */ = {isa = PBXBuildFile; fileRef = C9C396B125693ACA00763F33 /* DAppManager.swift */; };
		C9C396B625693B1300763F33 /* DKeychainManager.swift in Sources */ = {isa = PBXBuildFile; fileRef = C9C396B525693B1300763F33 /* DKeychainManager.swift */; };
		C9C396BA25693B6600763F33 /* DLanguageManager.swift in Sources */ = {isa = PBXBuildFile; fileRef = C9C396B925693B6600763F33 /* DLanguageManager.swift */; };
		C9C396BE25693B7E00763F33 /* DLogManager.swift in Sources */ = {isa = PBXBuildFile; fileRef = C9C396BD25693B7E00763F33 /* DLogManager.swift */; };
		C9C396C225693BD200763F33 /* DPushNotificationManager.swift in Sources */ = {isa = PBXBuildFile; fileRef = C9C396C125693BD200763F33 /* DPushNotificationManager.swift */; };
		C9C396C825693C7D00763F33 /* DPushNotification.swift in Sources */ = {isa = PBXBuildFile; fileRef = C9C396C725693C7D00763F33 /* DPushNotification.swift */; };
		C9C396CE25693CD400763F33 /* DDate.swift in Sources */ = {isa = PBXBuildFile; fileRef = C9C396CD25693CD400763F33 /* DDate.swift */; };
		C9C396D425693D2000763F33 /* DConstant.swift in Sources */ = {isa = PBXBuildFile; fileRef = C9C396D325693D2000763F33 /* DConstant.swift */; };
		C9C396D825693D6400763F33 /* DUtil.swift in Sources */ = {isa = PBXBuildFile; fileRef = C9C396D725693D6400763F33 /* DUtil.swift */; };
		C9C396E025693DCB00763F33 /* DIapManager.swift in Sources */ = {isa = PBXBuildFile; fileRef = C9C396DF25693DCB00763F33 /* DIapManager.swift */; };
		C9C396E625693DFC00763F33 /* DIapError.swift in Sources */ = {isa = PBXBuildFile; fileRef = C9C396E525693DFC00763F33 /* DIapError.swift */; };
		C9C396EC25693E1B00763F33 /* DDateConstant.swift in Sources */ = {isa = PBXBuildFile; fileRef = C9C396EB25693E1B00763F33 /* DDateConstant.swift */; };
		C9C396F125693EA400763F33 /* DAdaptKeyboardByInputModifier.swift in Sources */ = {isa = PBXBuildFile; fileRef = C9C396F025693EA400763F33 /* DAdaptKeyboardByInputModifier.swift */; };
		C9C396F92569403900763F33 /* DDismissKeyboardModifier.swift in Sources */ = {isa = PBXBuildFile; fileRef = C9C396F82569403900763F33 /* DDismissKeyboardModifier.swift */; };
		C9C39702256940EF00763F33 /* DView.swift in Sources */ = {isa = PBXBuildFile; fileRef = C9C39701256940EF00763F33 /* DView.swift */; };
		C9C397072569411E00763F33 /* DError.swift in Sources */ = {isa = PBXBuildFile; fileRef = C9C397062569411E00763F33 /* DError.swift */; };
		C9C397162569418500763F33 /* Assets.swift in Sources */ = {isa = PBXBuildFile; fileRef = C9C397142569418500763F33 /* Assets.swift */; };
		C9C397172569418500763F33 /* Strings.swift in Sources */ = {isa = PBXBuildFile; fileRef = C9C397152569418500763F33 /* Strings.swift */; };
		C9C3971D256941B400763F33 /* DLanguage.swift in Sources */ = {isa = PBXBuildFile; fileRef = C9C3971C256941B400763F33 /* DLanguage.swift */; };
		C9C39722256941D500763F33 /* Bundle+Extension.swift in Sources */ = {isa = PBXBuildFile; fileRef = C9C39721256941D500763F33 /* Bundle+Extension.swift */; };
		C9C39726256941EE00763F33 /* Date+Extension.swift in Sources */ = {isa = PBXBuildFile; fileRef = C9C39725256941EE00763F33 /* Date+Extension.swift */; };
		C9C3972A2569420300763F33 /* Double+Extension.swift in Sources */ = {isa = PBXBuildFile; fileRef = C9C397292569420300763F33 /* Double+Extension.swift */; };
		C9C3972E2569421A00763F33 /* NSNumber+Extension.swift in Sources */ = {isa = PBXBuildFile; fileRef = C9C3972D2569421A00763F33 /* NSNumber+Extension.swift */; };
		C9C397322569423700763F33 /* UIColor+Extension.swift in Sources */ = {isa = PBXBuildFile; fileRef = C9C397312569423700763F33 /* UIColor+Extension.swift */; };
		C9C397362569424F00763F33 /* UIDevice+Extension.swift in Sources */ = {isa = PBXBuildFile; fileRef = C9C397352569424E00763F33 /* UIDevice+Extension.swift */; };
		C9C3973A2569426600763F33 /* View+Extension.swift in Sources */ = {isa = PBXBuildFile; fileRef = C9C397392569426600763F33 /* View+Extension.swift */; };
		C9D83CC325896648008808A9 /* DTextDetailRowView.swift in Sources */ = {isa = PBXBuildFile; fileRef = C9D83CC225896648008808A9 /* DTextDetailRowView.swift */; };
		C9DA4A91258162C200F17516 /* DNavigationManager.swift in Sources */ = {isa = PBXBuildFile; fileRef = C9DA4A90258162C200F17516 /* DNavigationManager.swift */; };
		C9DC9C7D258B818C00ACC80B /* Array+Extension.swift in Sources */ = {isa = PBXBuildFile; fileRef = C9DC9C7C258B818C00ACC80B /* Array+Extension.swift */; };
/* End PBXBuildFile section */

/* Begin PBXContainerItemProxy section */
		C9C3965B2569359600763F33 /* PBXContainerItemProxy */ = {
			isa = PBXContainerItemProxy;
			containerPortal = C9C396472569359600763F33 /* Project object */;
			proxyType = 1;
			remoteGlobalIDString = C9C3964F2569359600763F33;
			remoteInfo = DFramework;
		};
/* End PBXContainerItemProxy section */

/* Begin PBXFileReference section */
		29776AC80E79F7C1B575D7C8 /* Pods_DFramework.framework */ = {isa = PBXFileReference; explicitFileType = wrapper.framework; includeInIndex = 0; path = Pods_DFramework.framework; sourceTree = BUILT_PRODUCTS_DIR; };
		2E63D1DB2768BFB200811664 /* Assets.xcassets */ = {isa = PBXFileReference; lastKnownFileType = folder.assetcatalog; path = Assets.xcassets; sourceTree = "<group>"; };
		8634BF3BD45E7D8C0A610CDE /* Pods-DFramework.debug.xcconfig */ = {isa = PBXFileReference; includeInIndex = 1; lastKnownFileType = text.xcconfig; name = "Pods-DFramework.debug.xcconfig"; path = "Target Support Files/Pods-DFramework/Pods-DFramework.debug.xcconfig"; sourceTree = "<group>"; };
		A22D26608BD5F5E7D8CB78EB /* Pods_DFramework_DFrameworkTests.framework */ = {isa = PBXFileReference; explicitFileType = wrapper.framework; includeInIndex = 0; path = Pods_DFramework_DFrameworkTests.framework; sourceTree = BUILT_PRODUCTS_DIR; };
		B1682FB8AD7AC6EACFC37D5A /* Pods-DFramework-DFrameworkTests.debug.xcconfig */ = {isa = PBXFileReference; includeInIndex = 1; lastKnownFileType = text.xcconfig; name = "Pods-DFramework-DFrameworkTests.debug.xcconfig"; path = "Target Support Files/Pods-DFramework-DFrameworkTests/Pods-DFramework-DFrameworkTests.debug.xcconfig"; sourceTree = "<group>"; };
		B32621E12E7312FA88B05361 /* Pods-DFramework-DFrameworkTests.release.xcconfig */ = {isa = PBXFileReference; includeInIndex = 1; lastKnownFileType = text.xcconfig; name = "Pods-DFramework-DFrameworkTests.release.xcconfig"; path = "Target Support Files/Pods-DFramework-DFrameworkTests/Pods-DFramework-DFrameworkTests.release.xcconfig"; sourceTree = "<group>"; };
		B8266FF4BA1213595B3B4EF2 /* Pods-DFramework.release.xcconfig */ = {isa = PBXFileReference; includeInIndex = 1; lastKnownFileType = text.xcconfig; name = "Pods-DFramework.release.xcconfig"; path = "Target Support Files/Pods-DFramework/Pods-DFramework.release.xcconfig"; sourceTree = "<group>"; };
		C90D40A2258830F00071DC1A /* NavigationLink+Extension.swift */ = {isa = PBXFileReference; lastKnownFileType = sourcecode.swift; path = "NavigationLink+Extension.swift"; sourceTree = "<group>"; };
		C974A3D82579A6670068C8CB /* DEnumPicker.swift */ = {isa = PBXFileReference; lastKnownFileType = sourcecode.swift; path = DEnumPicker.swift; sourceTree = "<group>"; };
		C9B0A2412579889500E67245 /* DTextRowView.swift */ = {isa = PBXFileReference; lastKnownFileType = sourcecode.swift; path = DTextRowView.swift; sourceTree = "<group>"; };
		C9B0A247257988F500E67245 /* DTextToggleRowView.swift */ = {isa = PBXFileReference; lastKnownFileType = sourcecode.swift; path = DTextToggleRowView.swift; sourceTree = "<group>"; };
		C9C396502569359600763F33 /* DFramework.framework */ = {isa = PBXFileReference; explicitFileType = wrapper.framework; includeInIndex = 0; path = DFramework.framework; sourceTree = BUILT_PRODUCTS_DIR; };
		C9C396532569359600763F33 /* DFramework.h */ = {isa = PBXFileReference; lastKnownFileType = sourcecode.c.h; path = DFramework.h; sourceTree = "<group>"; };
		C9C396542569359600763F33 /* Info.plist */ = {isa = PBXFileReference; lastKnownFileType = text.plist.xml; path = Info.plist; sourceTree = "<group>"; };
		C9C396592569359600763F33 /* DFrameworkTests.xctest */ = {isa = PBXFileReference; explicitFileType = wrapper.cfbundle; includeInIndex = 0; path = DFrameworkTests.xctest; sourceTree = BUILT_PRODUCTS_DIR; };
		C9C396602569359600763F33 /* Info.plist */ = {isa = PBXFileReference; lastKnownFileType = text.plist.xml; path = Info.plist; sourceTree = "<group>"; };
		C9C39683256938EC00763F33 /* Localizable.strings */ = {isa = PBXFileReference; lastKnownFileType = text.plist.strings; path = Localizable.strings; sourceTree = "<group>"; };
		C9C396B125693ACA00763F33 /* DAppManager.swift */ = {isa = PBXFileReference; lastKnownFileType = sourcecode.swift; path = DAppManager.swift; sourceTree = "<group>"; };
		C9C396B525693B1300763F33 /* DKeychainManager.swift */ = {isa = PBXFileReference; lastKnownFileType = sourcecode.swift; path = DKeychainManager.swift; sourceTree = "<group>"; };
		C9C396B925693B6600763F33 /* DLanguageManager.swift */ = {isa = PBXFileReference; lastKnownFileType = sourcecode.swift; path = DLanguageManager.swift; sourceTree = "<group>"; };
		C9C396BD25693B7E00763F33 /* DLogManager.swift */ = {isa = PBXFileReference; lastKnownFileType = sourcecode.swift; path = DLogManager.swift; sourceTree = "<group>"; };
		C9C396C125693BD200763F33 /* DPushNotificationManager.swift */ = {isa = PBXFileReference; lastKnownFileType = sourcecode.swift; path = DPushNotificationManager.swift; sourceTree = "<group>"; };
		C9C396C725693C7D00763F33 /* DPushNotification.swift */ = {isa = PBXFileReference; lastKnownFileType = sourcecode.swift; path = DPushNotification.swift; sourceTree = "<group>"; };
		C9C396CD25693CD400763F33 /* DDate.swift */ = {isa = PBXFileReference; lastKnownFileType = sourcecode.swift; path = DDate.swift; sourceTree = "<group>"; };
		C9C396D325693D2000763F33 /* DConstant.swift */ = {isa = PBXFileReference; lastKnownFileType = sourcecode.swift; path = DConstant.swift; sourceTree = "<group>"; };
		C9C396D725693D6400763F33 /* DUtil.swift */ = {isa = PBXFileReference; lastKnownFileType = sourcecode.swift; path = DUtil.swift; sourceTree = "<group>"; };
		C9C396DF25693DCB00763F33 /* DIapManager.swift */ = {isa = PBXFileReference; lastKnownFileType = sourcecode.swift; path = DIapManager.swift; sourceTree = "<group>"; };
		C9C396E525693DFC00763F33 /* DIapError.swift */ = {isa = PBXFileReference; lastKnownFileType = sourcecode.swift; path = DIapError.swift; sourceTree = "<group>"; };
		C9C396EB25693E1B00763F33 /* DDateConstant.swift */ = {isa = PBXFileReference; lastKnownFileType = sourcecode.swift; path = DDateConstant.swift; sourceTree = "<group>"; };
		C9C396F025693EA400763F33 /* DAdaptKeyboardByInputModifier.swift */ = {isa = PBXFileReference; lastKnownFileType = sourcecode.swift; path = DAdaptKeyboardByInputModifier.swift; sourceTree = "<group>"; };
		C9C396F82569403900763F33 /* DDismissKeyboardModifier.swift */ = {isa = PBXFileReference; lastKnownFileType = sourcecode.swift; path = DDismissKeyboardModifier.swift; sourceTree = "<group>"; };
		C9C39701256940EF00763F33 /* DView.swift */ = {isa = PBXFileReference; lastKnownFileType = sourcecode.swift; path = DView.swift; sourceTree = "<group>"; };
		C9C397062569411E00763F33 /* DError.swift */ = {isa = PBXFileReference; lastKnownFileType = sourcecode.swift; path = DError.swift; sourceTree = "<group>"; };
		C9C397142569418500763F33 /* Assets.swift */ = {isa = PBXFileReference; fileEncoding = 4; lastKnownFileType = sourcecode.swift; path = Assets.swift; sourceTree = "<group>"; };
		C9C397152569418500763F33 /* Strings.swift */ = {isa = PBXFileReference; fileEncoding = 4; lastKnownFileType = sourcecode.swift; path = Strings.swift; sourceTree = "<group>"; };
		C9C3971C256941B400763F33 /* DLanguage.swift */ = {isa = PBXFileReference; lastKnownFileType = sourcecode.swift; path = DLanguage.swift; sourceTree = "<group>"; };
		C9C39721256941D500763F33 /* Bundle+Extension.swift */ = {isa = PBXFileReference; lastKnownFileType = sourcecode.swift; path = "Bundle+Extension.swift"; sourceTree = "<group>"; };
		C9C39725256941EE00763F33 /* Date+Extension.swift */ = {isa = PBXFileReference; lastKnownFileType = sourcecode.swift; path = "Date+Extension.swift"; sourceTree = "<group>"; };
		C9C397292569420300763F33 /* Double+Extension.swift */ = {isa = PBXFileReference; lastKnownFileType = sourcecode.swift; path = "Double+Extension.swift"; sourceTree = "<group>"; };
		C9C3972D2569421A00763F33 /* NSNumber+Extension.swift */ = {isa = PBXFileReference; lastKnownFileType = sourcecode.swift; path = "NSNumber+Extension.swift"; sourceTree = "<group>"; };
		C9C397312569423700763F33 /* UIColor+Extension.swift */ = {isa = PBXFileReference; lastKnownFileType = sourcecode.swift; path = "UIColor+Extension.swift"; sourceTree = "<group>"; };
		C9C397352569424E00763F33 /* UIDevice+Extension.swift */ = {isa = PBXFileReference; lastKnownFileType = sourcecode.swift; path = "UIDevice+Extension.swift"; sourceTree = "<group>"; };
		C9C397392569426600763F33 /* View+Extension.swift */ = {isa = PBXFileReference; lastKnownFileType = sourcecode.swift; path = "View+Extension.swift"; sourceTree = "<group>"; };
		C9D83CC225896648008808A9 /* DTextDetailRowView.swift */ = {isa = PBXFileReference; lastKnownFileType = sourcecode.swift; path = DTextDetailRowView.swift; sourceTree = "<group>"; };
		C9DA4A90258162C200F17516 /* DNavigationManager.swift */ = {isa = PBXFileReference; lastKnownFileType = sourcecode.swift; path = DNavigationManager.swift; sourceTree = "<group>"; };
		C9DC9C7C258B818C00ACC80B /* Array+Extension.swift */ = {isa = PBXFileReference; lastKnownFileType = sourcecode.swift; path = "Array+Extension.swift"; sourceTree = "<group>"; };
/* End PBXFileReference section */

/* Begin PBXFrameworksBuildPhase section */
		C9C3964D2569359600763F33 /* Frameworks */ = {
			isa = PBXFrameworksBuildPhase;
			buildActionMask = 2147483647;
			files = (
			);
			runOnlyForDeploymentPostprocessing = 0;
		};
		C9C396562569359600763F33 /* Frameworks */ = {
			isa = PBXFrameworksBuildPhase;
			buildActionMask = 2147483647;
			files = (
				C9C3965A2569359600763F33 /* DFramework.framework in Frameworks */,
				2375DE7123EBD964645CBF48 /* Pods_DFramework_DFrameworkTests.framework in Frameworks */,
			);
			runOnlyForDeploymentPostprocessing = 0;
		};
/* End PBXFrameworksBuildPhase section */

/* Begin PBXGroup section */
		8711149EA5B83F9A8DD72EA4 /* Pods */ = {
			isa = PBXGroup;
			children = (
				8634BF3BD45E7D8C0A610CDE /* Pods-DFramework.debug.xcconfig */,
				B8266FF4BA1213595B3B4EF2 /* Pods-DFramework.release.xcconfig */,
				B1682FB8AD7AC6EACFC37D5A /* Pods-DFramework-DFrameworkTests.debug.xcconfig */,
				B32621E12E7312FA88B05361 /* Pods-DFramework-DFrameworkTests.release.xcconfig */,
			);
			path = Pods;
			sourceTree = "<group>";
		};
		C4E3BE5AA6891E1B8CF20771 /* Frameworks */ = {
			isa = PBXGroup;
			children = (
				29776AC80E79F7C1B575D7C8 /* Pods_DFramework.framework */,
				A22D26608BD5F5E7D8CB78EB /* Pods_DFramework_DFrameworkTests.framework */,
			);
			name = Frameworks;
			sourceTree = "<group>";
		};
		C9B0A2402579888700E67245 /* Views */ = {
			isa = PBXGroup;
			children = (
				C9CB6F842579AB490034E975 /* Custom */,
				C9CB6F852579AB500034E975 /* Native */,
			);
			name = Views;
			sourceTree = "<group>";
		};
		C9C396462569359600763F33 = {
			isa = PBXGroup;
			children = (
				C9C396522569359600763F33 /* DFramework */,
				C9C3965D2569359600763F33 /* DFrameworkTests */,
				C9C396512569359600763F33 /* Products */,
				8711149EA5B83F9A8DD72EA4 /* Pods */,
				C4E3BE5AA6891E1B8CF20771 /* Frameworks */,
			);
			sourceTree = "<group>";
		};
		C9C396512569359600763F33 /* Products */ = {
			isa = PBXGroup;
			children = (
				C9C396502569359600763F33 /* DFramework.framework */,
				C9C396592569359600763F33 /* DFrameworkTests.xctest */,
			);
			name = Products;
			sourceTree = "<group>";
		};
		C9C396522569359600763F33 /* DFramework */ = {
			isa = PBXGroup;
			children = (
				C9C396532569359600763F33 /* DFramework.h */,
				C9C396542569359600763F33 /* Info.plist */,
				C9C39682256938DC00763F33 /* Classes */,
				C9C39681256938DC00763F33 /* Resources */,
			);
			path = DFramework;
			sourceTree = "<group>";
		};
		C9C3965D2569359600763F33 /* DFrameworkTests */ = {
			isa = PBXGroup;
			children = (
				C9C396602569359600763F33 /* Info.plist */,
			);
			path = DFrameworkTests;
			sourceTree = "<group>";
		};
		C9C39681256938DC00763F33 /* Resources */ = {
			isa = PBXGroup;
			children = (
				C9C39683256938EC00763F33 /* Localizable.strings */,
				C9C396912569394A00763F33 /* CodeGeneration */,
				2E63D1DB2768BFB200811664 /* Assets.xcassets */,
			);
			path = Resources;
			sourceTree = "<group>";
		};
		C9C39682256938DC00763F33 /* Classes */ = {
			isa = PBXGroup;
			children = (
				C9C396B025693AC000763F33 /* Managers */,
				C9C396C625693C6000763F33 /* Models */,
				C9C396EF25693E7E00763F33 /* Modifiers */,
				C9C39700256940E600763F33 /* Protocols */,
				C9C396D125693D0100763F33 /* Utilities */,
				C9B0A2402579888700E67245 /* Views */,
			);
			path = Classes;
			sourceTree = "<group>";
		};
		C9C396912569394A00763F33 /* CodeGeneration */ = {
			isa = PBXGroup;
			children = (
				C9C397142569418500763F33 /* Assets.swift */,
				C9C397152569418500763F33 /* Strings.swift */,
			);
			path = CodeGeneration;
			sourceTree = "<group>";
		};
		C9C396B025693AC000763F33 /* Managers */ = {
			isa = PBXGroup;
			children = (
				C9C396B125693ACA00763F33 /* DAppManager.swift */,
				C9C396B525693B1300763F33 /* DKeychainManager.swift */,
				C9C396B925693B6600763F33 /* DLanguageManager.swift */,
				C9C396BD25693B7E00763F33 /* DLogManager.swift */,
				C9DA4A90258162C200F17516 /* DNavigationManager.swift */,
				C9C396DE25693DAF00763F33 /* DIap */,
				C9C396DD25693D9C00763F33 /* DPushNotification */,
			);
			name = Managers;
			sourceTree = "<group>";
		};
		C9C396C625693C6000763F33 /* Models */ = {
			isa = PBXGroup;
			children = (
				C9C396CD25693CD400763F33 /* DDate.swift */,
			);
			name = Models;
			sourceTree = "<group>";
		};
		C9C396D125693D0100763F33 /* Utilities */ = {
			isa = PBXGroup;
			children = (
				C9C396D725693D6400763F33 /* DUtil.swift */,
				C9C396D225693D0900763F33 /* Constants */,
				C9C397052569411600763F33 /* Enums */,
				C9C39720256941CD00763F33 /* Extensions */,
			);
			name = Utilities;
			sourceTree = "<group>";
		};
		C9C396D225693D0900763F33 /* Constants */ = {
			isa = PBXGroup;
			children = (
				C9C396D325693D2000763F33 /* DConstant.swift */,
				C9C396EB25693E1B00763F33 /* DDateConstant.swift */,
			);
			name = Constants;
			sourceTree = "<group>";
		};
		C9C396DD25693D9C00763F33 /* DPushNotification */ = {
			isa = PBXGroup;
			children = (
				C9C396C725693C7D00763F33 /* DPushNotification.swift */,
				C9C396C125693BD200763F33 /* DPushNotificationManager.swift */,
			);
			name = DPushNotification;
			sourceTree = "<group>";
		};
		C9C396DE25693DAF00763F33 /* DIap */ = {
			isa = PBXGroup;
			children = (
				C9C396E525693DFC00763F33 /* DIapError.swift */,
				C9C396DF25693DCB00763F33 /* DIapManager.swift */,
			);
			name = DIap;
			sourceTree = "<group>";
		};
		C9C396EF25693E7E00763F33 /* Modifiers */ = {
			isa = PBXGroup;
			children = (
				C9C396F025693EA400763F33 /* DAdaptKeyboardByInputModifier.swift */,
				C9C396F82569403900763F33 /* DDismissKeyboardModifier.swift */,
			);
			name = Modifiers;
			sourceTree = "<group>";
		};
		C9C39700256940E600763F33 /* Protocols */ = {
			isa = PBXGroup;
			children = (
				C9C39701256940EF00763F33 /* DView.swift */,
			);
			name = Protocols;
			sourceTree = "<group>";
		};
		C9C397052569411600763F33 /* Enums */ = {
			isa = PBXGroup;
			children = (
				C9C397062569411E00763F33 /* DError.swift */,
				C9C3971C256941B400763F33 /* DLanguage.swift */,
			);
			name = Enums;
			sourceTree = "<group>";
		};
		C9C39720256941CD00763F33 /* Extensions */ = {
			isa = PBXGroup;
			children = (
				C9DC9C7C258B818C00ACC80B /* Array+Extension.swift */,
				C9C39721256941D500763F33 /* Bundle+Extension.swift */,
				C9C39725256941EE00763F33 /* Date+Extension.swift */,
				C9C397292569420300763F33 /* Double+Extension.swift */,
				C90D40A2258830F00071DC1A /* NavigationLink+Extension.swift */,
				C9C3972D2569421A00763F33 /* NSNumber+Extension.swift */,
				C9C397312569423700763F33 /* UIColor+Extension.swift */,
				C9C397352569424E00763F33 /* UIDevice+Extension.swift */,
				C9C397392569426600763F33 /* View+Extension.swift */,
			);
			name = Extensions;
			sourceTree = "<group>";
		};
		C9CB6F842579AB490034E975 /* Custom */ = {
			isa = PBXGroup;
			children = (
				C974A3D82579A6670068C8CB /* DEnumPicker.swift */,
				C9D83CC225896648008808A9 /* DTextDetailRowView.swift */,
				C9B0A2412579889500E67245 /* DTextRowView.swift */,
				C9B0A247257988F500E67245 /* DTextToggleRowView.swift */,
			);
			name = Custom;
			sourceTree = "<group>";
		};
		C9CB6F852579AB500034E975 /* Native */ = {
			isa = PBXGroup;
			children = (
			);
			name = Native;
			sourceTree = "<group>";
		};
/* End PBXGroup section */

/* Begin PBXHeadersBuildPhase section */
		C9C3964B2569359600763F33 /* Headers */ = {
			isa = PBXHeadersBuildPhase;
			buildActionMask = 2147483647;
			files = (
				C9C396612569359600763F33 /* DFramework.h in Headers */,
			);
			runOnlyForDeploymentPostprocessing = 0;
		};
/* End PBXHeadersBuildPhase section */

/* Begin PBXNativeTarget section */
		C9C3964F2569359600763F33 /* DFramework */ = {
			isa = PBXNativeTarget;
			buildConfigurationList = C9C396642569359600763F33 /* Build configuration list for PBXNativeTarget "DFramework" */;
			buildPhases = (
				8B2C2E2DC688B02BECD32BD2 /* [CP] Check Pods Manifest.lock */,
				C9C3964B2569359600763F33 /* Headers */,
				C9C3967D2569389F00763F33 /* Run SwiftGen */,
				C9C3964C2569359600763F33 /* Sources */,
				C9C3967E256938B400763F33 /* Run SwiftLint */,
				C9C3964D2569359600763F33 /* Frameworks */,
				C9C3964E2569359600763F33 /* Resources */,
			);
			buildRules = (
			);
			dependencies = (
			);
			name = DFramework;
			productName = DFramework;
			productReference = C9C396502569359600763F33 /* DFramework.framework */;
			productType = "com.apple.product-type.framework";
		};
		C9C396582569359600763F33 /* DFrameworkTests */ = {
			isa = PBXNativeTarget;
			buildConfigurationList = C9C396672569359600763F33 /* Build configuration list for PBXNativeTarget "DFrameworkTests" */;
			buildPhases = (
				A01CE0E4F2F77188BF81651A /* [CP] Check Pods Manifest.lock */,
				C9C396552569359600763F33 /* Sources */,
				C9C396562569359600763F33 /* Frameworks */,
				C9C396572569359600763F33 /* Resources */,
			);
			buildRules = (
			);
			dependencies = (
				C9C3965C2569359600763F33 /* PBXTargetDependency */,
			);
			name = DFrameworkTests;
			productName = DFrameworkTests;
			productReference = C9C396592569359600763F33 /* DFrameworkTests.xctest */;
			productType = "com.apple.product-type.bundle.unit-test";
		};
/* End PBXNativeTarget section */

/* Begin PBXProject section */
		C9C396472569359600763F33 /* Project object */ = {
			isa = PBXProject;
			attributes = {
				LastSwiftUpdateCheck = 1210;
				LastUpgradeCheck = 1210;
				TargetAttributes = {
					C9C3964F2569359600763F33 = {
						CreatedOnToolsVersion = 12.1;
						LastSwiftMigration = 1210;
					};
					C9C396582569359600763F33 = {
						CreatedOnToolsVersion = 12.1;
					};
				};
			};
			buildConfigurationList = C9C3964A2569359600763F33 /* Build configuration list for PBXProject "DFramework" */;
			compatibilityVersion = "Xcode 9.3";
			developmentRegion = en;
			hasScannedForEncodings = 0;
			knownRegions = (
				en,
				Base,
			);
			mainGroup = C9C396462569359600763F33;
			productRefGroup = C9C396512569359600763F33 /* Products */;
			projectDirPath = "";
			projectRoot = "";
			targets = (
				C9C3964F2569359600763F33 /* DFramework */,
				C9C396582569359600763F33 /* DFrameworkTests */,
			);
		};
/* End PBXProject section */

/* Begin PBXResourcesBuildPhase section */
		C9C3964E2569359600763F33 /* Resources */ = {
			isa = PBXResourcesBuildPhase;
			buildActionMask = 2147483647;
			files = (
				2E63D1DC2768BFB200811664 /* Assets.xcassets in Resources */,
				C9C39684256938EC00763F33 /* Localizable.strings in Resources */,
			);
			runOnlyForDeploymentPostprocessing = 0;
		};
		C9C396572569359600763F33 /* Resources */ = {
			isa = PBXResourcesBuildPhase;
			buildActionMask = 2147483647;
			files = (
			);
			runOnlyForDeploymentPostprocessing = 0;
		};
/* End PBXResourcesBuildPhase section */

/* Begin PBXShellScriptBuildPhase section */
		8B2C2E2DC688B02BECD32BD2 /* [CP] Check Pods Manifest.lock */ = {
			isa = PBXShellScriptBuildPhase;
			buildActionMask = 2147483647;
			files = (
			);
			inputFileListPaths = (
			);
			inputPaths = (
				"${PODS_PODFILE_DIR_PATH}/Podfile.lock",
				"${PODS_ROOT}/Manifest.lock",
			);
			name = "[CP] Check Pods Manifest.lock";
			outputFileListPaths = (
			);
			outputPaths = (
				"$(DERIVED_FILE_DIR)/Pods-DFramework-checkManifestLockResult.txt",
			);
			runOnlyForDeploymentPostprocessing = 0;
			shellPath = /bin/sh;
			shellScript = "diff \"${PODS_PODFILE_DIR_PATH}/Podfile.lock\" \"${PODS_ROOT}/Manifest.lock\" > /dev/null\nif [ $? != 0 ] ; then\n    # print error to STDERR\n    echo \"error: The sandbox is not in sync with the Podfile.lock. Run 'pod install' or update your CocoaPods installation.\" >&2\n    exit 1\nfi\n# This output is used by Xcode 'outputs' to avoid re-running this script phase.\necho \"SUCCESS\" > \"${SCRIPT_OUTPUT_FILE_0}\"\n";
			showEnvVarsInLog = 0;
		};
		A01CE0E4F2F77188BF81651A /* [CP] Check Pods Manifest.lock */ = {
			isa = PBXShellScriptBuildPhase;
			buildActionMask = 2147483647;
			files = (
			);
			inputFileListPaths = (
			);
			inputPaths = (
				"${PODS_PODFILE_DIR_PATH}/Podfile.lock",
				"${PODS_ROOT}/Manifest.lock",
			);
			name = "[CP] Check Pods Manifest.lock";
			outputFileListPaths = (
			);
			outputPaths = (
				"$(DERIVED_FILE_DIR)/Pods-DFramework-DFrameworkTests-checkManifestLockResult.txt",
			);
			runOnlyForDeploymentPostprocessing = 0;
			shellPath = /bin/sh;
			shellScript = "diff \"${PODS_PODFILE_DIR_PATH}/Podfile.lock\" \"${PODS_ROOT}/Manifest.lock\" > /dev/null\nif [ $? != 0 ] ; then\n    # print error to STDERR\n    echo \"error: The sandbox is not in sync with the Podfile.lock. Run 'pod install' or update your CocoaPods installation.\" >&2\n    exit 1\nfi\n# This output is used by Xcode 'outputs' to avoid re-running this script phase.\necho \"SUCCESS\" > \"${SCRIPT_OUTPUT_FILE_0}\"\n";
			showEnvVarsInLog = 0;
		};
		C9C3967D2569389F00763F33 /* Run SwiftGen */ = {
			isa = PBXShellScriptBuildPhase;
			buildActionMask = 2147483647;
			files = (
			);
			inputFileListPaths = (
			);
			inputPaths = (
			);
			name = "Run SwiftGen";
			outputFileListPaths = (
			);
			outputPaths = (
			);
			runOnlyForDeploymentPostprocessing = 0;
			shellPath = /bin/sh;
			shellScript = "if [[ -f \"${PODS_ROOT}/SwiftGen/bin/swiftgen\" ]]; then\n  \"${PODS_ROOT}/SwiftGen/bin/swiftgen\"\nelse\n  echo \"warning: SwiftGen is not installed. Run 'pod install --repo-update' to install it.\"\nfi\n";
		};
		C9C3967E256938B400763F33 /* Run SwiftLint */ = {
			isa = PBXShellScriptBuildPhase;
			buildActionMask = 2147483647;
			files = (
			);
			inputFileListPaths = (
			);
			inputPaths = (
			);
			name = "Run SwiftLint";
			outputFileListPaths = (
			);
			outputPaths = (
			);
			runOnlyForDeploymentPostprocessing = 0;
			shellPath = /bin/sh;
			shellScript = "\"${PODS_ROOT}/SwiftLint/swiftlint\" autocorrect && \"${PODS_ROOT}/SwiftLint/swiftlint\"\n";
		};
/* End PBXShellScriptBuildPhase section */

/* Begin PBXSourcesBuildPhase section */
		C9C3964C2569359600763F33 /* Sources */ = {
			isa = PBXSourcesBuildPhase;
			buildActionMask = 2147483647;
			files = (
				C9C396F92569403900763F33 /* DDismissKeyboardModifier.swift in Sources */,
				C9C396D425693D2000763F33 /* DConstant.swift in Sources */,
				C9D83CC325896648008808A9 /* DTextDetailRowView.swift in Sources */,
				C9DC9C7D258B818C00ACC80B /* Array+Extension.swift in Sources */,
				C90D40A3258830F00071DC1A /* NavigationLink+Extension.swift in Sources */,
				C9C396B625693B1300763F33 /* DKeychainManager.swift in Sources */,
				C9C396CE25693CD400763F33 /* DDate.swift in Sources */,
				C9DA4A91258162C200F17516 /* DNavigationManager.swift in Sources */,
				C9C396C825693C7D00763F33 /* DPushNotification.swift in Sources */,
				C9B0A248257988F500E67245 /* DTextToggleRowView.swift in Sources */,
				C9C397072569411E00763F33 /* DError.swift in Sources */,
				C9C397162569418500763F33 /* Assets.swift in Sources */,
				C9C396C225693BD200763F33 /* DPushNotificationManager.swift in Sources */,
				C9C396BE25693B7E00763F33 /* DLogManager.swift in Sources */,
				C974A3D92579A6670068C8CB /* DEnumPicker.swift in Sources */,
				C9C396B225693ACA00763F33 /* DAppManager.swift in Sources */,
				C9C3973A2569426600763F33 /* View+Extension.swift in Sources */,
				C9C3972E2569421A00763F33 /* NSNumber+Extension.swift in Sources */,
				C9C397172569418500763F33 /* Strings.swift in Sources */,
				C9C39726256941EE00763F33 /* Date+Extension.swift in Sources */,
				C9C39722256941D500763F33 /* Bundle+Extension.swift in Sources */,
				C9B0A2422579889500E67245 /* DTextRowView.swift in Sources */,
				C9C396E625693DFC00763F33 /* DIapError.swift in Sources */,
				C9C397322569423700763F33 /* UIColor+Extension.swift in Sources */,
				C9C396BA25693B6600763F33 /* DLanguageManager.swift in Sources */,
				C9C396D825693D6400763F33 /* DUtil.swift in Sources */,
				C9C397362569424F00763F33 /* UIDevice+Extension.swift in Sources */,
				C9C3972A2569420300763F33 /* Double+Extension.swift in Sources */,
				C9C39702256940EF00763F33 /* DView.swift in Sources */,
				C9C3971D256941B400763F33 /* DLanguage.swift in Sources */,
				C9C396EC25693E1B00763F33 /* DDateConstant.swift in Sources */,
				C9C396E025693DCB00763F33 /* DIapManager.swift in Sources */,
				C9C396F125693EA400763F33 /* DAdaptKeyboardByInputModifier.swift in Sources */,
			);
			runOnlyForDeploymentPostprocessing = 0;
		};
		C9C396552569359600763F33 /* Sources */ = {
			isa = PBXSourcesBuildPhase;
			buildActionMask = 2147483647;
			files = (
			);
			runOnlyForDeploymentPostprocessing = 0;
		};
/* End PBXSourcesBuildPhase section */

/* Begin PBXTargetDependency section */
		C9C3965C2569359600763F33 /* PBXTargetDependency */ = {
			isa = PBXTargetDependency;
			target = C9C3964F2569359600763F33 /* DFramework */;
			targetProxy = C9C3965B2569359600763F33 /* PBXContainerItemProxy */;
		};
/* End PBXTargetDependency section */

/* Begin XCBuildConfiguration section */
		C9C396622569359600763F33 /* Debug */ = {
			isa = XCBuildConfiguration;
			buildSettings = {
				ALWAYS_SEARCH_USER_PATHS = NO;
				CLANG_ANALYZER_NONNULL = YES;
				CLANG_ANALYZER_NUMBER_OBJECT_CONVERSION = YES_AGGRESSIVE;
				CLANG_CXX_LANGUAGE_STANDARD = "gnu++14";
				CLANG_CXX_LIBRARY = "libc++";
				CLANG_ENABLE_MODULES = YES;
				CLANG_ENABLE_OBJC_ARC = YES;
				CLANG_ENABLE_OBJC_WEAK = YES;
				CLANG_WARN_BLOCK_CAPTURE_AUTORELEASING = YES;
				CLANG_WARN_BOOL_CONVERSION = YES;
				CLANG_WARN_COMMA = YES;
				CLANG_WARN_CONSTANT_CONVERSION = YES;
				CLANG_WARN_DEPRECATED_OBJC_IMPLEMENTATIONS = YES;
				CLANG_WARN_DIRECT_OBJC_ISA_USAGE = YES_ERROR;
				CLANG_WARN_DOCUMENTATION_COMMENTS = YES;
				CLANG_WARN_EMPTY_BODY = YES;
				CLANG_WARN_ENUM_CONVERSION = YES;
				CLANG_WARN_INFINITE_RECURSION = YES;
				CLANG_WARN_INT_CONVERSION = YES;
				CLANG_WARN_NON_LITERAL_NULL_CONVERSION = YES;
				CLANG_WARN_OBJC_IMPLICIT_RETAIN_SELF = YES;
				CLANG_WARN_OBJC_LITERAL_CONVERSION = YES;
				CLANG_WARN_OBJC_ROOT_CLASS = YES_ERROR;
				CLANG_WARN_QUOTED_INCLUDE_IN_FRAMEWORK_HEADER = YES;
				CLANG_WARN_RANGE_LOOP_ANALYSIS = YES;
				CLANG_WARN_STRICT_PROTOTYPES = YES;
				CLANG_WARN_SUSPICIOUS_MOVE = YES;
				CLANG_WARN_UNGUARDED_AVAILABILITY = YES_AGGRESSIVE;
				CLANG_WARN_UNREACHABLE_CODE = YES;
				CLANG_WARN__DUPLICATE_METHOD_MATCH = YES;
				COPY_PHASE_STRIP = NO;
				CURRENT_PROJECT_VERSION = 1;
				DEBUG_INFORMATION_FORMAT = dwarf;
				ENABLE_STRICT_OBJC_MSGSEND = YES;
				ENABLE_TESTABILITY = YES;
				GCC_C_LANGUAGE_STANDARD = gnu11;
				GCC_DYNAMIC_NO_PIC = NO;
				GCC_NO_COMMON_BLOCKS = YES;
				GCC_OPTIMIZATION_LEVEL = 0;
				GCC_PREPROCESSOR_DEFINITIONS = (
					"DEBUG=1",
					"$(inherited)",
				);
				GCC_WARN_64_TO_32_BIT_CONVERSION = YES;
				GCC_WARN_ABOUT_RETURN_TYPE = YES_ERROR;
				GCC_WARN_UNDECLARED_SELECTOR = YES;
				GCC_WARN_UNINITIALIZED_AUTOS = YES_AGGRESSIVE;
				GCC_WARN_UNUSED_FUNCTION = YES;
				GCC_WARN_UNUSED_VARIABLE = YES;
				IPHONEOS_DEPLOYMENT_TARGET = 14.0;
				MTL_ENABLE_DEBUG_INFO = INCLUDE_SOURCE;
				MTL_FAST_MATH = YES;
				ONLY_ACTIVE_ARCH = YES;
				SDKROOT = iphoneos;
				SWIFT_ACTIVE_COMPILATION_CONDITIONS = DEBUG;
				SWIFT_OPTIMIZATION_LEVEL = "-Onone";
				VERSIONING_SYSTEM = "apple-generic";
				VERSION_INFO_PREFIX = "";
			};
			name = Debug;
		};
		C9C396632569359600763F33 /* Release */ = {
			isa = XCBuildConfiguration;
			buildSettings = {
				ALWAYS_SEARCH_USER_PATHS = NO;
				CLANG_ANALYZER_NONNULL = YES;
				CLANG_ANALYZER_NUMBER_OBJECT_CONVERSION = YES_AGGRESSIVE;
				CLANG_CXX_LANGUAGE_STANDARD = "gnu++14";
				CLANG_CXX_LIBRARY = "libc++";
				CLANG_ENABLE_MODULES = YES;
				CLANG_ENABLE_OBJC_ARC = YES;
				CLANG_ENABLE_OBJC_WEAK = YES;
				CLANG_WARN_BLOCK_CAPTURE_AUTORELEASING = YES;
				CLANG_WARN_BOOL_CONVERSION = YES;
				CLANG_WARN_COMMA = YES;
				CLANG_WARN_CONSTANT_CONVERSION = YES;
				CLANG_WARN_DEPRECATED_OBJC_IMPLEMENTATIONS = YES;
				CLANG_WARN_DIRECT_OBJC_ISA_USAGE = YES_ERROR;
				CLANG_WARN_DOCUMENTATION_COMMENTS = YES;
				CLANG_WARN_EMPTY_BODY = YES;
				CLANG_WARN_ENUM_CONVERSION = YES;
				CLANG_WARN_INFINITE_RECURSION = YES;
				CLANG_WARN_INT_CONVERSION = YES;
				CLANG_WARN_NON_LITERAL_NULL_CONVERSION = YES;
				CLANG_WARN_OBJC_IMPLICIT_RETAIN_SELF = YES;
				CLANG_WARN_OBJC_LITERAL_CONVERSION = YES;
				CLANG_WARN_OBJC_ROOT_CLASS = YES_ERROR;
				CLANG_WARN_QUOTED_INCLUDE_IN_FRAMEWORK_HEADER = YES;
				CLANG_WARN_RANGE_LOOP_ANALYSIS = YES;
				CLANG_WARN_STRICT_PROTOTYPES = YES;
				CLANG_WARN_SUSPICIOUS_MOVE = YES;
				CLANG_WARN_UNGUARDED_AVAILABILITY = YES_AGGRESSIVE;
				CLANG_WARN_UNREACHABLE_CODE = YES;
				CLANG_WARN__DUPLICATE_METHOD_MATCH = YES;
				COPY_PHASE_STRIP = NO;
				CURRENT_PROJECT_VERSION = 1;
				DEBUG_INFORMATION_FORMAT = "dwarf-with-dsym";
				ENABLE_NS_ASSERTIONS = NO;
				ENABLE_STRICT_OBJC_MSGSEND = YES;
				GCC_C_LANGUAGE_STANDARD = gnu11;
				GCC_NO_COMMON_BLOCKS = YES;
				GCC_WARN_64_TO_32_BIT_CONVERSION = YES;
				GCC_WARN_ABOUT_RETURN_TYPE = YES_ERROR;
				GCC_WARN_UNDECLARED_SELECTOR = YES;
				GCC_WARN_UNINITIALIZED_AUTOS = YES_AGGRESSIVE;
				GCC_WARN_UNUSED_FUNCTION = YES;
				GCC_WARN_UNUSED_VARIABLE = YES;
				IPHONEOS_DEPLOYMENT_TARGET = 14.0;
				MTL_ENABLE_DEBUG_INFO = NO;
				MTL_FAST_MATH = YES;
				SDKROOT = iphoneos;
				SWIFT_COMPILATION_MODE = wholemodule;
				SWIFT_OPTIMIZATION_LEVEL = "-O";
				VALIDATE_PRODUCT = YES;
				VERSIONING_SYSTEM = "apple-generic";
				VERSION_INFO_PREFIX = "";
			};
			name = Release;
		};
		C9C396652569359600763F33 /* Debug */ = {
			isa = XCBuildConfiguration;
			baseConfigurationReference = 8634BF3BD45E7D8C0A610CDE /* Pods-DFramework.debug.xcconfig */;
			buildSettings = {
				CLANG_ENABLE_MODULES = YES;
				CODE_SIGN_STYLE = Automatic;
				DEFINES_MODULE = YES;
				DEVELOPMENT_TEAM = "";
				DYLIB_COMPATIBILITY_VERSION = 1;
				DYLIB_CURRENT_VERSION = 1;
				DYLIB_INSTALL_NAME_BASE = "@rpath";
				INFOPLIST_FILE = DFramework/Info.plist;
				INSTALL_PATH = "$(LOCAL_LIBRARY_DIR)/Frameworks";
				IPHONEOS_DEPLOYMENT_TARGET = 14.0;
				LD_RUNPATH_SEARCH_PATHS = (
					"$(inherited)",
					"@executable_path/Frameworks",
					"@loader_path/Frameworks",
				);
				MARKETING_VERSION = 0.3.0;
				PRODUCT_BUNDLE_IDENTIFIER = com.demirciy.dframework;
				PRODUCT_NAME = "$(TARGET_NAME:c99extidentifier)";
				SKIP_INSTALL = YES;
				SWIFT_OPTIMIZATION_LEVEL = "-Onone";
				SWIFT_VERSION = 5.0;
				TARGETED_DEVICE_FAMILY = "1,2";
			};
			name = Debug;
		};
		C9C396662569359600763F33 /* Release */ = {
			isa = XCBuildConfiguration;
			baseConfigurationReference = B8266FF4BA1213595B3B4EF2 /* Pods-DFramework.release.xcconfig */;
			buildSettings = {
				CLANG_ENABLE_MODULES = YES;
				CODE_SIGN_STYLE = Automatic;
				DEFINES_MODULE = YES;
				DEVELOPMENT_TEAM = "";
				DYLIB_COMPATIBILITY_VERSION = 1;
				DYLIB_CURRENT_VERSION = 1;
				DYLIB_INSTALL_NAME_BASE = "@rpath";
				INFOPLIST_FILE = DFramework/Info.plist;
				INSTALL_PATH = "$(LOCAL_LIBRARY_DIR)/Frameworks";
				IPHONEOS_DEPLOYMENT_TARGET = 14.0;
				LD_RUNPATH_SEARCH_PATHS = (
					"$(inherited)",
					"@executable_path/Frameworks",
					"@loader_path/Frameworks",
				);
				MARKETING_VERSION = 0.3.0;
				PRODUCT_BUNDLE_IDENTIFIER = com.demirciy.dframework;
				PRODUCT_NAME = "$(TARGET_NAME:c99extidentifier)";
				SKIP_INSTALL = YES;
				SWIFT_VERSION = 5.0;
				TARGETED_DEVICE_FAMILY = "1,2";
			};
			name = Release;
		};
		C9C396682569359600763F33 /* Debug */ = {
			isa = XCBuildConfiguration;
			baseConfigurationReference = B1682FB8AD7AC6EACFC37D5A /* Pods-DFramework-DFrameworkTests.debug.xcconfig */;
			buildSettings = {
				ALWAYS_EMBED_SWIFT_STANDARD_LIBRARIES = YES;
				CODE_SIGN_STYLE = Automatic;
				DEVELOPMENT_TEAM = WL6ERJVJSX;
				INFOPLIST_FILE = DFrameworkTests/Info.plist;
				LD_RUNPATH_SEARCH_PATHS = (
					"$(inherited)",
					"@executable_path/Frameworks",
					"@loader_path/Frameworks",
				);
				PRODUCT_BUNDLE_IDENTIFIER = com.demirciy.DFrameworkTests;
				PRODUCT_NAME = "$(TARGET_NAME)";
				SWIFT_VERSION = 5.0;
				TARGETED_DEVICE_FAMILY = "1,2";
			};
			name = Debug;
		};
		C9C396692569359600763F33 /* Release */ = {
			isa = XCBuildConfiguration;
			baseConfigurationReference = B32621E12E7312FA88B05361 /* Pods-DFramework-DFrameworkTests.release.xcconfig */;
			buildSettings = {
				ALWAYS_EMBED_SWIFT_STANDARD_LIBRARIES = YES;
				CODE_SIGN_STYLE = Automatic;
				DEVELOPMENT_TEAM = WL6ERJVJSX;
				INFOPLIST_FILE = DFrameworkTests/Info.plist;
				LD_RUNPATH_SEARCH_PATHS = (
					"$(inherited)",
					"@executable_path/Frameworks",
					"@loader_path/Frameworks",
				);
				PRODUCT_BUNDLE_IDENTIFIER = com.demirciy.DFrameworkTests;
				PRODUCT_NAME = "$(TARGET_NAME)";
				SWIFT_VERSION = 5.0;
				TARGETED_DEVICE_FAMILY = "1,2";
			};
			name = Release;
		};
/* End XCBuildConfiguration section */

/* Begin XCConfigurationList section */
		C9C3964A2569359600763F33 /* Build configuration list for PBXProject "DFramework" */ = {
			isa = XCConfigurationList;
			buildConfigurations = (
				C9C396622569359600763F33 /* Debug */,
				C9C396632569359600763F33 /* Release */,
			);
			defaultConfigurationIsVisible = 0;
			defaultConfigurationName = Release;
		};
		C9C396642569359600763F33 /* Build configuration list for PBXNativeTarget "DFramework" */ = {
			isa = XCConfigurationList;
			buildConfigurations = (
				C9C396652569359600763F33 /* Debug */,
				C9C396662569359600763F33 /* Release */,
			);
			defaultConfigurationIsVisible = 0;
			defaultConfigurationName = Release;
		};
		C9C396672569359600763F33 /* Build configuration list for PBXNativeTarget "DFrameworkTests" */ = {
			isa = XCConfigurationList;
			buildConfigurations = (
				C9C396682569359600763F33 /* Debug */,
				C9C396692569359600763F33 /* Release */,
			);
			defaultConfigurationIsVisible = 0;
			defaultConfigurationName = Release;
		};
/* End XCConfigurationList section */
	};
	rootObject = C9C396472569359600763F33 /* Project object */;
}
